
Microsoft Visual Studio Solution File, Format Version 12.00
# Visual Studio Version 17
VisualStudioVersion = 17.7.34221.43
MinimumVisualStudioVersion = 10.0.40219.1
Project("{FAE04EC0-301F-11D3-BF4B-00C04F79EFBC}") = "ApiMN", "ApiMN\ApiMN.csproj", "{67CF506D-9DDF-4DF7-B73A-8C0C09E8F115}"
EndProject
Global
	GlobalSection(SolutionConfigurationPlatforms) = preSolution
		Debug|Any CPU = Debug|Any CPU
		Release|Any CPU = Release|Any CPU
	EndGlobalSection
	GlobalSection(ProjectConfigurationPlatforms) = postSolution
		{67CF506D-9DDF-4DF7-B73A-8C0C09E8F115}.Debug|Any CPU.ActiveCfg = Debug|Any CPU
		{67CF506D-9DDF-4DF7-B73A-8C0C09E8F115}.Debug|Any CPU.Build.0 = Debug|Any CPU
		{67CF506D-9DDF-4DF7-B73A-8C0C09E8F115}.Release|Any CPU.ActiveCfg = Release|Any CPU
		{67CF506D-9DDF-4DF7-B73A-8C0C09E8F115}.Release|Any CPU.Build.0 = Release|Any CPU
	EndGlobalSection
	GlobalSection(SolutionProperties) = preSolution
		HideSolutionNode = FALSE
	EndGlobalSection
	GlobalSection(ExtensibilityGlobals) = postSolution
		SolutionGuid = {E7E77865-6085-43B3-B6F4-A019709442B2}
	EndGlobalSection
EndGlobal
